{
    "hash": "61f2601c9ec16ddbad90c242a0b3e41d",
    "packages": [
        {
            "name": "lisphp/lisphp",
            "version": "dev-master",
            "source": {
                "type": "git",
                "url": "https://github.com/lisphp/lisphp",
                "reference": "v1.0.0"
            },
            "dist": {
                "type": "zip",
                "url": "https://github.com/lisphp/lisphp/archive/v1.0.0.zip",
                "reference": "v1.0.0",
                "shasum": ""
            },
            "require": {
                "php": ">=5.3.0"
            },
            "time": "2012-12-01 20:32:51",
            "bin": [
                "bin/lisphp"
            ],
            "type": "library",
            "extra": {
                "branch-alias": {
                    "dev-master": "1.0-dev"
                }
            },
            "installation-source": "source",
            "autoload": {
                "psr-0": {
                    "Lisphp": "src/"
                }
            },
            "notification-url": "https://packagist.org/downloads/",
            "license": [
                "MIT"
            ],
            "authors": [
                {
                    "name": "Igor Wiedler",
                    "email": "igor@wiedler.ch",
                    "homepage": "http://wiedler.ch/igor/"
                },
                {
                    "name": "Hong Minhee",
                    "email": "minhee@dahlia.kr"
                }
            ],
            "description": "Lisphp is a Lisp dialect written in PHP.",
            "keywords": [
                "lisp"
            ]
        },
        {
            "name": "pimple/pimple",
            "version": "dev-master",
            "source": {
                "type": "git",
                "url": "git://github.com/fabpot/Pimple.git",
                "reference": "db836b8cfadc0f39dacafa2bf311a1ab603600bb"
            },
            "dist": {
                "type": "zip",
                "url": "https://github.com/fabpot/Pimple/zipball/db836b8cfadc0f39dacafa2bf311a1ab603600bb",
                "reference": "db836b8cfadc0f39dacafa2bf311a1ab603600bb",
                "shasum": ""
            },
            "require": {
                "php": ">=5.3.0"
            },
            "time": "2012-07-23 13:54:08",
            "type": "library",
            "extra": {
                "branch-alias": {
                    "dev-master": "1.0.x-dev"
                }
            },
            "installation-source": "source",
            "autoload": {
                "psr-0": {
                    "Pimple": "lib/"
                }
            }
        },
        {
            "name": "silex/silex",
            "version": "dev-master",
            "source": {
                "type": "git",
                "url": "git://github.com/fabpot/Silex.git",
                "reference": "73b18ef69f74d878465dba0836ad96affc6c820c"
            },
            "dist": {
                "type": "zip",
                "url": "https://github.com/fabpot/Silex/zipball/73b18ef69f74d878465dba0836ad96affc6c820c",
                "reference": "73b18ef69f74d878465dba0836ad96affc6c820c",
                "shasum": ""
            },
            "require": {
                "symfony/event-dispatcher": "2.1.*",
                "symfony/http-foundation": "2.1.*",
                "symfony/http-kernel": "2.1.*",
                "symfony/routing": "2.1.*",
                "php": ">=5.3.3",
                "pimple/pimple": "1.*"
            },
            "require-dev": {
                "symfony/form": "2.1.*",
                "symfony/translation": "2.1.*",
                "symfony/twig-bridge": "2.1.*",
                "symfony/validator": "2.1.*",
                "doctrine/dbal": "2.1.*",
                "symfony/monolog-bridge": "2.1.*",
                "symfony/browser-kit": "2.1.*",
                "symfony/css-selector": "2.1.*",
                "symfony/finder": "2.1.*",
                "symfony/process": "2.1.*",
                "symfony/security": "2.1.*",
                "monolog/monolog": ">=1.0.0,<1.2-dev",
                "symfony/config": "2.1.*",
                "symfony/locale": "2.1.*",
                "twig/twig": ">=1.8.0,<2.0-dev",
                "swiftmailer/swiftmailer": "4.2.*"
            },
            "suggest": {
                "symfony/browser-kit": "2.1.*",
                "symfony/css-selector": "2.1.*",
                "symfony/dom-crawler": "2.1.*"
            },
            "time": "2012-09-04 13:42:47",
            "type": "library",
            "extra": {
                "branch-alias": {
                    "dev-master": "1.0-dev"
                }
            },
            "installation-source": "source",
            "autoload": {
                "psr-0": {
                    "Silex": "src/"
                }
            }
        },
        {
            "name": "symfony/event-dispatcher",
            "version": "dev-master",
            "target-dir": "Symfony/Component/EventDispatcher",
            "source": {
                "type": "git",
                "url": "https://github.com/symfony/EventDispatcher",
                "reference": "v2.1.0"
            },
            "dist": {
                "type": "zip",
                "url": "https://github.com/symfony/EventDispatcher/zipball/v2.1.0",
                "reference": "v2.1.0",
                "shasum": ""
            },
            "require": {
                "php": ">=5.3.3"
            },
            "require-dev": {
                "symfony/dependency-injection": "2.1.*"
            },
            "suggest": {
                "symfony/dependency-injection": "dev-master",
                "symfony/http-kernel": "dev-master"
            },
            "time": "2012-08-22 13:48:41",
            "type": "library",
            "extra": {
                "branch-alias": {
                    "dev-master": "2.1-dev"
                }
            },
            "installation-source": "source",
            "autoload": {
                "psr-0": {
                    "Symfony\\Component\\EventDispatcher": ""
                }
            }
        },
        {
            "name": "symfony/http-foundation",
            "version": "dev-master",
            "target-dir": "Symfony/Component/HttpFoundation",
            "source": {
                "type": "git",
                "url": "https://github.com/symfony/HttpFoundation",
                "reference": "v2.1.0"
            },
            "dist": {
                "type": "zip",
                "url": "https://github.com/symfony/HttpFoundation/zipball/v2.1.0",
                "reference": "v2.1.0",
                "shasum": ""
            },
            "require": {
                "php": ">=5.3.3"
            },
            "time": "2012-09-04 12:24:42",
            "type": "library",
            "extra": {
                "branch-alias": {
                    "dev-master": "2.1-dev"
                }
            },
            "installation-source": "source",
            "autoload": {
                "psr-0": {
                    "Symfony\\Component\\HttpFoundation": "",
                    "SessionHandlerInterface": "Symfony/Component/HttpFoundation/Resources/stubs"
                }
            }
        },
        {
            "name": "symfony/http-kernel",
            "version": "dev-master",
            "target-dir": "Symfony/Component/HttpKernel",
            "source": {
                "type": "git",
                "url": "https://github.com/symfony/HttpKernel",
                "reference": "d5aec858319b3f7baf945a0fc4b2acc15e4065fd"
            },
            "dist": {
                "type": "zip",
                "url": "https://github.com/symfony/HttpKernel/zipball/d5aec858319b3f7baf945a0fc4b2acc15e4065fd",
                "reference": "d5aec858319b3f7baf945a0fc4b2acc15e4065fd",
                "shasum": ""
            },
            "require": {
                "symfony/event-dispatcher": "2.1.*",
                "symfony/http-foundation": "2.1.*",
                "php": ">=5.3.3"
            },
            "require-dev": {
                "symfony/browser-kit": "2.1.*",
                "symfony/class-loader": "2.1.*",
                "symfony/config": "2.1.*",
                "symfony/console": "2.1.*",
                "symfony/dependency-injection": "2.1.*",
                "symfony/finder": "2.1.*",
                "symfony/process": "2.1.*",
                "symfony/routing": "2.1.*"
            },
            "suggest": {
                "symfony/browser-kit": "dev-master",
                "symfony/class-loader": "dev-master",
                "symfony/config": "dev-master",
                "symfony/console": "dev-master",
                "symfony/dependency-injection": "dev-master",
                "symfony/finder": "dev-master"
            },
            "time": "2012-09-06 10:12:45",
            "type": "library",
            "extra": {
                "branch-alias": {
                    "dev-master": "2.1-dev"
                }
            },
            "installation-source": "source",
            "autoload": {
                "psr-0": {
                    "Symfony\\Component\\HttpKernel": ""
                }
            }
        },
        {
            "name": "symfony/routing",
            "version": "dev-master",
            "target-dir": "Symfony/Component/Routing",
            "source": {
                "type": "git",
                "url": "https://github.com/symfony/Routing",
                "reference": "v2.1.0"
            },
            "dist": {
                "type": "zip",
                "url": "https://github.com/symfony/Routing/zipball/v2.1.0",
                "reference": "v2.1.0",
                "shasum": ""
            },
            "require": {
                "php": ">=5.3.3"
            },
            "require-dev": {
                "symfony/config": "2.1.*",
                "symfony/yaml": "2.1.*",
                "doctrine/common": ">=2.2,<2.4-dev",
                "symfony/http-kernel": "2.1.*"
            },
            "suggest": {
                "symfony/config": "dev-master",
                "symfony/yaml": "dev-master",
                "doctrine/common": ">=2.2,<2.4-dev"
            },
            "time": "2012-09-05 15:44:14",
            "type": "library",
            "extra": {
                "branch-alias": {
                    "dev-master": "2.1-dev"
                }
            },
            "installation-source": "source",
            "autoload": {
                "psr-0": {
                    "Symfony\\Component\\Routing": ""
                }
            }
        }
    ],
    "packages-dev": null,
    "aliases": [

    ],
    "minimum-stability": "stable",
    "stability-flags": [

    ]
}
